{
  "name": "stored-map",
  "version": "1.0.2",
  "lockfileVersion": 2,
  "requires": true,
  "packages": {
    "": {
      "name": "stored-map",
      "version": "1.0.2",
      "license": "ISC",
      "dependencies": {
        "copy-anything": "^3.0.2",
        "uuid-validate": "^0.0.3"
      },
      "devDependencies": {
        "@types/node": "^17.0.15",
        "@types/uuid-validate": "^0.0.1",
        "typescript": "^4.5.5"
      }
    },
    "node_modules/@types/node": {
      "version": "17.0.15",
      "resolved": "https://registry.npmjs.org/@types/node/-/node-17.0.15.tgz",
      "integrity": "sha512-zWt4SDDv1S9WRBNxLFxFRHxdD9tvH8f5/kg5/IaLFdnSNXsDY4eL3Q3XXN+VxUnWIhyVFDwcsmAprvwXoM/ClA==",
      "dev": true
    },
    "node_modules/@types/uuid-validate": {
      "version": "0.0.1",
      "resolved": "https://registry.npmjs.org/@types/uuid-validate/-/uuid-validate-0.0.1.tgz",
      "integrity": "sha512-RbX9q0U00SLoV+l7loYX0Wrtv4QTClBC0QcdNts6x2b5G1HJN8NI9YlS1HNA6THrI9EH3OXSgya6eMQIlDjKFA==",
      "dev": true
    },
    "node_modules/copy-anything": {
      "version": "3.0.2",
      "resolved": "https://registry.npmjs.org/copy-anything/-/copy-anything-3.0.2.tgz",
      "integrity": "sha512-CzATjGXzUQ0EvuvgOCI6A4BGOo2bcVx8B+eC2nF862iv9fopnPQwlrbACakNCHRIJbCSBj+J/9JeDf60k64MkA==",
      "dependencies": {
        "is-what": "^4.1.6"
      },
      "engines": {
        "node": ">=12.13"
      },
      "funding": {
        "url": "https://github.com/sponsors/mesqueeb"
      }
    },
    "node_modules/is-what": {
      "version": "4.1.7",
      "resolved": "https://registry.npmjs.org/is-what/-/is-what-4.1.7.tgz",
      "integrity": "sha512-DBVOQNiPKnGMxRMLIYSwERAS5MVY1B7xYiGnpgctsOFvVDz9f9PFXXxMcTOHuoqYp4NK9qFYQaIC1NRRxLMpBQ==",
      "engines": {
        "node": ">=12.13"
      },
      "funding": {
        "url": "https://github.com/sponsors/mesqueeb"
      }
    },
    "node_modules/typescript": {
      "version": "4.5.5",
      "resolved": "https://registry.npmjs.org/typescript/-/typescript-4.5.5.tgz",
      "integrity": "sha512-TCTIul70LyWe6IJWT8QSYeA54WQe8EjQFU4wY52Fasj5UKx88LNYKCgBEHcOMOrFF1rKGbD8v/xcNWVUq9SymA==",
      "dev": true,
      "bin": {
        "tsc": "bin/tsc",
        "tsserver": "bin/tsserver"
      },
      "engines": {
        "node": ">=4.2.0"
      }
    },
    "node_modules/uuid-validate": {
      "version": "0.0.3",
      "resolved": "https://registry.npmjs.org/uuid-validate/-/uuid-validate-0.0.3.tgz",
      "integrity": "sha512-Fykw5U4eZESbq739BeLvEBFRuJODfrlmjx5eJux7W817LjRaq4b7/i4t2zxQmhcX+fAj4nMfRdTzO4tmwLKn0w=="
    }
  },
  "dependencies": {
    "@types/node": {
      "version": "17.0.15",
      "resolved": "https://registry.npmjs.org/@types/node/-/node-17.0.15.tgz",
      "integrity": "sha512-zWt4SDDv1S9WRBNxLFxFRHxdD9tvH8f5/kg5/IaLFdnSNXsDY4eL3Q3XXN+VxUnWIhyVFDwcsmAprvwXoM/ClA==",
      "dev": true
    },
    "@types/uuid-validate": {
      "version": "0.0.1",
      "resolved": "https://registry.npmjs.org/@types/uuid-validate/-/uuid-validate-0.0.1.tgz",
      "integrity": "sha512-RbX9q0U00SLoV+l7loYX0Wrtv4QTClBC0QcdNts6x2b5G1HJN8NI9YlS1HNA6THrI9EH3OXSgya6eMQIlDjKFA==",
      "dev": true
    },
    "copy-anything": {
      "version": "3.0.2",
      "resolved": "https://registry.npmjs.org/copy-anything/-/copy-anything-3.0.2.tgz",
      "integrity": "sha512-CzATjGXzUQ0EvuvgOCI6A4BGOo2bcVx8B+eC2nF862iv9fopnPQwlrbACakNCHRIJbCSBj+J/9JeDf60k64MkA==",
      "requires": {
        "is-what": "^4.1.6"
      }
    },
    "is-what": {
      "version": "4.1.7",
      "resolved": "https://registry.npmjs.org/is-what/-/is-what-4.1.7.tgz",
      "integrity": "sha512-DBVOQNiPKnGMxRMLIYSwERAS5MVY1B7xYiGnpgctsOFvVDz9f9PFXXxMcTOHuoqYp4NK9qFYQaIC1NRRxLMpBQ=="
    },
    "typescript": {
      "version": "4.5.5",
      "resolved": "https://registry.npmjs.org/typescript/-/typescript-4.5.5.tgz",
      "integrity": "sha512-TCTIul70LyWe6IJWT8QSYeA54WQe8EjQFU4wY52Fasj5UKx88LNYKCgBEHcOMOrFF1rKGbD8v/xcNWVUq9SymA==",
      "dev": true
    },
    "uuid-validate": {
      "version": "0.0.3",
      "resolved": "https://registry.npmjs.org/uuid-validate/-/uuid-validate-0.0.3.tgz",
      "integrity": "sha512-Fykw5U4eZESbq739BeLvEBFRuJODfrlmjx5eJux7W817LjRaq4b7/i4t2zxQmhcX+fAj4nMfRdTzO4tmwLKn0w=="
    }
  }
}
